{
    "_readme": [
        "This file locks the dependencies of your project to a known state",
        "Read more about it at https://getcomposer.org/doc/01-basic-usage.md#composer-lock-the-lock-file",
        "This file is @generated automatically"
    ],
    "content-hash": "655ca4f98cddf30678019a6df70bb94e",
    "packages": [
        {
            "name": "eftec/bladeone",
            "version": "dev-master",
            "source": {
                "type": "git",
                "url": "https://github.com/EFTEC/BladeOne.git",
                "reference": "9e9b4d2d80110eabde393e887b7b5a36324a58d5"
            },
            "dist": {
                "type": "zip",
                "url": "https://api.github.com/repos/EFTEC/BladeOne/zipball/9e9b4d2d80110eabde393e887b7b5a36324a58d5",
                "reference": "9e9b4d2d80110eabde393e887b7b5a36324a58d5",
                "shasum": ""
            },
            "require": {
                "php": ">=5.4"
            },
            "type": "library",
            "extra": {
                "branch-alias": {
                    "dev-master": "1.8-dev"
                }
            },
            "autoload": {
                "psr-4": {
                    "eftec\\": "vendor/eftec/"
                }
            },
            "notification-url": "https://packagist.org/downloads/",
            "license": [
                "MIT"
            ],
            "authors": [
                {
                    "name": "Jorge Patricio Castro Castillo",
                    "email": "jcastro@eftec.cl"
                }
            ],
            "description": "The standalone version Blade Template Engine from Laravel in a single php file",
            "homepage": "https://github.com/EFTEC/BladeOne",
            "keywords": [
                "blade",
                "template",
                "view"
            ],
            "time": "2017-04-14 14:03:48"
        },
        {
            "name": "ingenerator/tokenista",
            "version": "v1.0.2",
            "source": {
                "type": "git",
                "url": "https://github.com/ingenerator/tokenista.git",
                "reference": "dadc998d1e625a20186d237fc0f75c3c8030c066"
            },
            "dist": {
                "type": "zip",
                "url": "https://api.github.com/repos/ingenerator/tokenista/zipball/dadc998d1e625a20186d237fc0f75c3c8030c066",
                "reference": "dadc998d1e625a20186d237fc0f75c3c8030c066",
                "shasum": ""
            },
            "require": {
                "ext-openssl": "*",
                "lib-openssl": "*",
                "php": ">=5.3.3"
            },
            "require-dev": {
                "phpspec/phpspec": "2.0.*@dev"
            },
            "type": "library",
            "extra": {
                "branch-alias": {
                    "dev-master": "1.0.x-dev"
                }
            },
            "autoload": {
                "psr-0": {
                    "Ingenerator": "src/"
                }
            },
            "notification-url": "https://packagist.org/downloads/",
            "license": [
                "BSD"
            ],
            "authors": [
                {
                    "name": "Andrew Coulton",
                    "email": "andrew@ingenerator.com",
                    "homepage": "http://www.ingenerator.com"
                }
            ],
            "description": "Simple signed and expiring token generator and validator - for password reset, CSRF, authentication, whatever",
            "homepage": "https://github.com/ingenerator/tokenista",
            "keywords": [
                "auth",
                "csrf",
                "token"
            ],
            "time": "2017-03-02T16:33:48+00:00"
        },
        {
            "name": "kayalion/vardump",
            "version": "4.1.1",
            "source": {
                "type": "git",
                "url": "https://github.com/kayalion/vardump.git",
                "reference": "d5bfec908af2acd26007f4312e70d9ba676e8d90"
            },
            "dist": {
                "type": "zip",
                "url": "https://api.github.com/repos/kayalion/vardump/zipball/d5bfec908af2acd26007f4312e70d9ba676e8d90",
                "reference": "d5bfec908af2acd26007f4312e70d9ba676e8d90",
                "shasum": ""
            },
            "type": "library",
            "autoload": {
                "files": [
                    "src/VarDump.php"
                ]
            },
            "notification-url": "https://packagist.org/downloads/",
            "license": [
                "MIT"
            ],
            "authors": [
                {
                    "name": "Joris Vandeweerd",
                    "email": "kayalion@kayalion.net"
                }
            ],
            "description": "Helper library to print variables for debugging purposes",
            "keywords": [
                "debug"
            ],
            "time": "2016-11-16T12:18:39+00:00"
        },
        {
            "name": "lcobucci/jwt",
            "version": "3.2.1",
            "source": {
                "type": "git",
                "url": "https://github.com/lcobucci/jwt.git",
                "reference": "ddce703826f9c5229781933b1a39069e38e6a0f3"
            },
            "dist": {
                "type": "zip",
                "url": "https://api.github.com/repos/lcobucci/jwt/zipball/ddce703826f9c5229781933b1a39069e38e6a0f3",
                "reference": "ddce703826f9c5229781933b1a39069e38e6a0f3",
                "shasum": ""
            },
            "require": {
                "ext-openssl": "*",
                "php": ">=5.5"
            },
            "require-dev": {
                "mdanter/ecc": "~0.3.1",
                "mikey179/vfsstream": "~1.5",
                "phpmd/phpmd": "~2.2",
                "phpunit/php-invoker": "~1.1",
                "phpunit/phpunit": "~4.5",
                "squizlabs/php_codesniffer": "~2.3"
            },
            "suggest": {
                "mdanter/ecc": "Required to use Elliptic Curves based algorithms."
            },
            "type": "library",
            "extra": {
                "branch-alias": {
                    "dev-master": "3.1-dev"
                }
            },
            "autoload": {
                "psr-4": {
                    "Lcobucci\\JWT\\": "src"
                }
            },
            "notification-url": "https://packagist.org/downloads/",
            "license": [
                "BSD-3-Clause"
            ],
            "authors": [
                {
                    "name": "Luís Otávio Cobucci Oblonczyk",
                    "email": "lcobucci@gmail.com",
                    "role": "Developer"
                }
            ],
            "description": "A simple library to work with JSON Web Token and JSON Web Signature",
            "keywords": [
                "JWS",
                "jwt"
            ],
            "time": "2016-10-31T20:09:32+00:00"
        },
        {
            "name": "maer/router",
            "version": "1.0.0",
            "source": {
                "type": "git",
                "url": "https://github.com/magnus-eriksson/router.git",
                "reference": "5aefee7716be6a26796cc809b050d38e91a23766"
            },
            "dist": {
                "type": "zip",
                "url": "https://api.github.com/repos/magnus-eriksson/router/zipball/5aefee7716be6a26796cc809b050d38e91a23766",
                "reference": "5aefee7716be6a26796cc809b050d38e91a23766",
                "shasum": ""
            },
            "require": {
                "php": ">=5.5"
            },
            "require-dev": {
                "phpunit/phpunit": "^4.8"
            },
            "type": "library",
            "autoload": {
                "psr-4": {
                    "Maer\\Router\\": "src/"
                }
            },
            "notification-url": "https://packagist.org/downloads/",
            "license": [
                "MIT"
            ],
            "authors": [
                {
                    "name": "Magnus Eriksson",
                    "email": "mange@reloop.se"
                }
            ],
            "description": "A small, simple, extendable one-file PHP router with groups, filters and named routes",
            "time": "2017-01-19T20:57:32+00:00"
        },
        {
            "name": "mikecao/flight",
            "version": "dev-master",
            "source": {
                "type": "git",
                "url": "https://github.com/mikecao/flight.git",
                "reference": "0386339331d3115dec51c6323851ec128159a096"
            },
            "dist": {
                "type": "zip",
                "url": "https://api.github.com/repos/mikecao/flight/zipball/0386339331d3115dec51c6323851ec128159a096",
                "reference": "0386339331d3115dec51c6323851ec128159a096",
                "shasum": ""
            },
            "require": {
                "php": ">=5.3.0"
            },
            "require-dev": {
                "phpunit/phpunit": "~4.6"
            },
            "type": "library",
            "autoload": {
                "files": [
                    "flight/autoload.php",
                    "flight/Flight.php"
                ]
            },
            "notification-url": "https://packagist.org/downloads/",
            "license": [
                "MIT"
            ],
            "authors": [
                {
                    "name": "Mike Cao",
                    "email": "mike@mikecao.com",
                    "homepage": "http://www.mikecao.com/",
                    "role": "Original Developer"
                }
            ],
            "description": "Flight is a fast, simple, extensible framework for PHP. Flight enables you to quickly and easily build RESTful web applications.",
            "homepage": "http://flightphp.com",
            "time": "2017-01-20 06:39:44"
        },
        {
            "name": "simple-validator/simple-validator",
            "version": "1.0.0",
            "source": {
                "type": "git",
                "url": "https://github.com/cangelis/simple-validator.git",
                "reference": "469711d7bcd577220cc943d03d4966f6995750e2"
            },
            "dist": {
                "type": "zip",
                "url": "https://api.github.com/repos/cangelis/simple-validator/zipball/469711d7bcd577220cc943d03d4966f6995750e2",
                "reference": "469711d7bcd577220cc943d03d4966f6995750e2",
                "shasum": ""
            },
            "require": {
                "php": ">=5.3.0"
            },
            "type": "library",
            "autoload": {
                "psr-0": {
                    "SimpleValidator\\": "src/"
                }
            },
            "notification-url": "https://packagist.org/downloads/",
            "license": [
                "MIT"
            ],
            "authors": [
                {
                    "name": "Can Geliş",
                    "email": "geliscan@gmail.com"
                }
            ],
            "description": "Yet another validation class for PHP",
            "time": "2017-01-23T11:02:27+00:00"
        },
        {
            "name": "solution10/config",
            "version": "v3.0.0",
            "source": {
                "type": "git",
                "url": "https://github.com/Solution10/config.git",
                "reference": "f94f2e0cec50264ff877aeeca6f9efbc054c42ab"
            },
            "dist": {
                "type": "zip",
                "url": "https://api.github.com/repos/Solution10/config/zipball/f94f2e0cec50264ff877aeeca6f9efbc054c42ab",
                "reference": "f94f2e0cec50264ff877aeeca6f9efbc054c42ab",
                "shasum": ""
            },
            "require": {
                "php": ">=5.6"
            },
            "require-dev": {
                "phpunit/phpunit": "^5.0",
                "squizlabs/php_codesniffer": "^2.7"
            },
            "type": "library",
            "autoload": {
                "psr-4": {
                    "Solution10\\Config\\": "src",
                    "Solution10\\Config\\Tests\\": "tests"
                }
            },
            "notification-url": "https://packagist.org/downloads/",
            "license": [
                "MIT"
            ],
            "authors": [
                {
                    "name": "Alex Gisby",
                    "email": "alex@solution10.com"
                }
            ],
            "description": "Simple, extremely light and fast config.",
            "keywords": [
                "component",
                "config"
            ],
            "time": "2017-02-05T16:18:00+00:00"
        },
        {
            "name": "vlucas/phpdotenv",
            "version": "dev-master",
            "source": {
                "type": "git",
                "url": "https://github.com/vlucas/phpdotenv.git",
                "reference": "7ac2c1cef304f5bd5a8d40750fbcbdd49333b9e5"
            },
            "dist": {
                "type": "zip",
                "url": "https://api.github.com/repos/vlucas/phpdotenv/zipball/7ac2c1cef304f5bd5a8d40750fbcbdd49333b9e5",
                "reference": "7ac2c1cef304f5bd5a8d40750fbcbdd49333b9e5",
                "shasum": ""
            },
            "require": {
                "php": ">=5.3.9"
            },
            "require-dev": {
                "phpunit/phpunit": "^4.8 || ^5.0"
            },
            "type": "library",
            "extra": {
                "branch-alias": {
                    "dev-master": "2.4-dev"
                }
            },
            "autoload": {
                "psr-4": {
                    "Dotenv\\": "src/"
                }
            },
            "notification-url": "https://packagist.org/downloads/",
            "license": [
                "BSD-3-Clause-Attribution"
            ],
            "authors": [
                {
                    "name": "Vance Lucas",
                    "email": "vance@vancelucas.com",
                    "homepage": "http://www.vancelucas.com"
                }
            ],
            "description": "Loads environment variables from `.env` to `getenv()`, `$_ENV` and `$_SERVER` automagically.",
            "keywords": [
                "dotenv",
                "env",
                "environment"
            ],
            "time": "2017-02-03 22:05:04"
        },
        {
            "name": "yeriomin/redbean-single-file",
            "version": "dev-master",
            "source": {
                "type": "git",
                "url": "https://github.com/yeriomin/redbean-single-file.git",
                "reference": "3faf670edcce9ecbec941485604651d156e7c413"
            },
            "dist": {
                "type": "zip",
                "url": "https://api.github.com/repos/yeriomin/redbean-single-file/zipball/3faf670edcce9ecbec941485604651d156e7c413",
                "reference": "3faf670edcce9ecbec941485604651d156e7c413",
                "shasum": ""
            },
            "require": {
                "php": ">=5.3.3"
            },
            "type": "library",
            "autoload": {
                "files": [
                    "rb.php"
                ]
            },
            "notification-url": "https://packagist.org/downloads/",
            "license": [
                "MIT"
            ],
            "authors": [
                {
                    "name": "Gabor de Mooij",
                    "email": "gabordemooij@gmail.com",
                    "homepage": "http://www.redbeanphp.com",
                    "role": "Developer"
                }
            ],
            "description": "RedBeanPHP is an easy-to-use, on-the-fly ORM for PHP.",
            "homepage": "https://github.com/yeriomin/redbean-single-file",
            "keywords": [
                "CUBRID",
                "InnoDB",
                "mariadb",
                "mysql",
                "postgresql",
                "sqlite3"
            ],
            "time": "2016-11-05 18:13:18"
        }
    ],
    "packages-dev": [],
    "aliases": [],
    "minimum-stability": "dev",
    "stability-flags": {
        "mikecao/flight": 20,
        "yeriomin/redbean-single-file": 20,
        "eftec/bladeone": 20
    },
    "prefer-stable": false,
    "prefer-lowest": false,
    "platform": [],
    "platform-dev": []
}
